
Microsoft Visual Studio Solution File, Format Version 12.00
# Visual Studio Version 16
VisualStudioVersion = 16.0.30803.129
MinimumVisualStudioVersion = 10.0.40219.1
Project("{FAE04EC0-301F-11D3-BF4B-00C04F79EFBC}") = "StudentDB", "StudentDB.csproj", "{7C4EC12B-27D4-411D-84B9-5DB261ABD5CE}"
EndProject
Global
	GlobalSection(SolutionConfigurationPlatforms) = preSolution
		Debug|Any CPU = Debug|Any CPU
		Release|Any CPU = Release|Any CPU
	EndGlobalSection
	GlobalSection(ProjectConfigurationPlatforms) = postSolution
		{7C4EC12B-27D4-411D-84B9-5DB261ABD5CE}.Debug|Any CPU.ActiveCfg = Debug|Any CPU
		{7C4EC12B-27D4-411D-84B9-5DB261ABD5CE}.Debug|Any CPU.Build.0 = Debug|Any CPU
		{7C4EC12B-27D4-411D-84B9-5DB261ABD5CE}.Release|Any CPU.ActiveCfg = Release|Any CPU
		{7C4EC12B-27D4-411D-84B9-5DB261ABD5CE}.Release|Any CPU.Build.0 = Release|Any CPU
	EndGlobalSection
	GlobalSection(SolutionProperties) = preSolution
		HideSolutionNode = FALSE
	EndGlobalSection
	GlobalSection(ExtensibilityGlobals) = postSolution
		SolutionGuid = {065AAB68-9547-4DCB-B8EC-EF84C19A2411}
	EndGlobalSection
EndGlobal
